{
    "api-platform/core": {
        "version": "2.7",
        "recipe": {
            "repo": "github.com/symfony/recipes",
            "branch": "main",
            "version": "2.5",
            "ref": "b86557ce5677fa855b1b2608f4a4bc4a8fed8be7"
        },
        "files": [
            "./config/packages/api_platform.yaml",
            "./config/routes/api_platform.yaml",
            "./src/Entity/.gitignore"
        ]
    },
    "doctrine/annotations": {
        "version": "2.0",
        "recipe": {
            "repo": "github.com/symfony/recipes",
            "branch": "main",
            "version": "1.10",
            "ref": "64d8583af5ea57b7afa4aba4b159907f3a148b05"
        }
    },
    "doctrine/deprecations": {
        "version": "1.1",
        "recipe": {
            "repo": "github.com/symfony/recipes",
            "branch": "main",
            "version": "1.0",
            "ref": "87424683adc81d7dc305eefec1fced883084aab9"
        }
    },
    "doctrine/doctrine-bundle": {
        "version": "2.13",
        "recipe": {
            "repo": "github.com/symfony/recipes",
            "branch": "main",
<<<<<<< HEAD
            "version": "2.4",
            "ref": "eaa0b7647c0ec3dbdcf24ade4625f381aa23c027"
=======
            "version": "2.10",
            "ref": "d1778a69711a9b06bb4e202977ca6c4a0d16933d"
>>>>>>> e2422cfde5b308b3f914dbb9a3dd46d1907df62f
        },
        "files": [
            "./config/packages/doctrine.yaml",
            "./src/Entity/.gitignore",
            "./src/Repository/.gitignore"
        ]
    },
    "doctrine/doctrine-migrations-bundle": {
<<<<<<< HEAD
        "version": "3.5",
=======
        "version": "3.7",
>>>>>>> e2422cfde5b308b3f914dbb9a3dd46d1907df62f
        "recipe": {
            "repo": "github.com/symfony/recipes",
            "branch": "main",
            "version": "3.1",
            "ref": "1d01ec03c6ecbd67c3375c5478c9a423ae5d6a33"
        },
        "files": [
            "./config/packages/doctrine_migrations.yaml",
            "./migrations/.gitignore"
        ]
    },
<<<<<<< HEAD
    "knplabs/knp-snappy-bundle": {
        "version": "1.10",
        "recipe": {
            "repo": "github.com/symfony/recipes-contrib",
            "branch": "main",
            "version": "1.5",
            "ref": "c81bdcf4a9d4e7b1959071457f9608631865d381"
        },
        "files": [
            "./config/packages/knp_snappy.yaml"
        ]
    },
    "nelmio/cors-bundle": {
        "version": "2.6",
=======
    "google/apiclient": {
        "version": "2.19",
        "recipe": {
            "repo": "github.com/symfony/recipes-contrib",
            "branch": "main",
            "version": "2.10",
            "ref": "07a97ec434d43b7903c78069a04c92adb6442e52"
        },
        "files": [
            "./config/packages/google_apiclient.yaml"
        ]
    },
    "knplabs/knp-paginator-bundle": {
        "version": "v6.3.0"
    },
    "php-http/discovery": {
        "version": "1.20",
>>>>>>> e2422cfde5b308b3f914dbb9a3dd46d1907df62f
        "recipe": {
            "repo": "github.com/symfony/recipes",
            "branch": "main",
            "version": "1.18",
            "ref": "f45b5dd173a27873ab19f5e3180b2f661c21de02"
        },
        "files": [
            "./config/packages/http_discovery.yaml"
        ]
    },
<<<<<<< HEAD
    "php-http/discovery": {
        "version": "1.20",
        "recipe": {
            "repo": "github.com/symfony/recipes",
            "branch": "main",
            "version": "1.18",
            "ref": "f45b5dd173a27873ab19f5e3180b2f661c21de02"
        },
        "files": [
            "./config/packages/http_discovery.yaml"
        ]
    },
    "phpunit/phpunit": {
        "version": "9.6",
        "recipe": {
            "repo": "github.com/symfony/recipes",
            "branch": "main",
=======
    "phpunit/phpunit": {
        "version": "9.6",
        "recipe": {
            "repo": "github.com/symfony/recipes",
            "branch": "main",
>>>>>>> e2422cfde5b308b3f914dbb9a3dd46d1907df62f
            "version": "9.6",
            "ref": "6a9341aa97d441627f8bd424ae85dc04c944f8b4"
        },
        "files": [
            "./.env.test",
            "./phpunit.xml.dist",
            "./tests/bootstrap.php"
        ]
    },
<<<<<<< HEAD
    "sensio/framework-extra-bundle": {
        "version": "6.2",
        "recipe": {
            "repo": "github.com/symfony/recipes",
            "branch": "main",
            "version": "5.2",
            "ref": "fb7e19da7f013d0d422fa9bce16f5c510e27609b"
=======
    "symfony/asset-mapper": {
        "version": "6.3",
        "recipe": {
            "repo": "github.com/symfony/recipes",
            "branch": "main",
            "version": "6.3",
            "ref": "e8c46ba5e488fc2d7462ab6832559ab93867370a"
>>>>>>> e2422cfde5b308b3f914dbb9a3dd46d1907df62f
        },
        "files": [
            "./config/packages/sensio_framework_extra.yaml"
        ]
    },
    "stripe/stripe-php": {
        "version": "19.3",
        "recipe": {
            "repo": "github.com/symfony/recipes-contrib",
            "branch": "main",
            "version": "19.0",
            "ref": "d6829c693e3927a8972c7671d74a1a5c505712b0"
        },
        "files": [
            "./config/packages/stripe.yaml"
        ]
    },
    "symfony/console": {
<<<<<<< HEAD
        "version": "6.0",
=======
        "version": "6.3",
>>>>>>> e2422cfde5b308b3f914dbb9a3dd46d1907df62f
        "recipe": {
            "repo": "github.com/symfony/recipes",
            "branch": "main",
            "version": "5.3",
            "ref": "1781ff40d8a17d87cf53f8d4cf0c8346ed2bb461"
        },
        "files": [
            "./bin/console"
        ]
    },
    "symfony/debug-bundle": {
<<<<<<< HEAD
        "version": "6.0",
=======
        "version": "6.3",
>>>>>>> e2422cfde5b308b3f914dbb9a3dd46d1907df62f
        "recipe": {
            "repo": "github.com/symfony/recipes",
            "branch": "main",
            "version": "5.3",
            "ref": "5aa8aa48234c8eb6dbdd7b3cd5d791485d2cec4b"
        },
        "files": [
            "./config/packages/debug.yaml"
        ]
    },
    "symfony/flex": {
        "version": "2.8",
        "recipe": {
            "repo": "github.com/symfony/recipes",
            "branch": "main",
            "version": "2.4",
            "ref": "52e9754527a15e2b79d9a610f98185a1fe46622a"
        },
        "files": [
            "./.env",
            "./.env.dev"
        ]
    },
    "symfony/framework-bundle": {
<<<<<<< HEAD
        "version": "6.0",
        "recipe": {
            "repo": "github.com/symfony/recipes",
            "branch": "main",
            "version": "5.4",
            "ref": "3cd216a4d007b78d8554d44a5b1c0a446dab24fb"
=======
        "version": "6.3",
        "recipe": {
            "repo": "github.com/symfony/recipes",
            "branch": "main",
            "version": "6.2",
            "ref": "af47254c5e4cd543e6af3e4508298ffebbdaddd3"
>>>>>>> e2422cfde5b308b3f914dbb9a3dd46d1907df62f
        },
        "files": [
            "./config/packages/cache.yaml",
            "./config/packages/framework.yaml",
            "./config/preload.php",
            "./config/routes/framework.yaml",
            "./config/services.yaml",
            "./public/index.php",
            "./src/Controller/.gitignore",
            "./src/Kernel.php"
        ]
    },
    "symfony/google-mailer": {
        "version": "6.0",
        "recipe": {
            "repo": "github.com/symfony/recipes",
            "branch": "main",
            "version": "4.4",
            "ref": "f8fd4ddb9b477510f8f4bce2b9c054ab428c0120"
        }
    },
    "symfony/mailer": {
<<<<<<< HEAD
        "version": "6.0",
=======
        "version": "6.3",
>>>>>>> e2422cfde5b308b3f914dbb9a3dd46d1907df62f
        "recipe": {
            "repo": "github.com/symfony/recipes",
            "branch": "main",
            "version": "4.3",
            "ref": "09051cfde49476e3c12cd3a0e44289ace1c75a4f"
        },
        "files": [
            "./config/packages/mailer.yaml"
        ]
    },
    "symfony/maker-bundle": {
<<<<<<< HEAD
        "version": "1.50",
=======
        "version": "1.53",
>>>>>>> e2422cfde5b308b3f914dbb9a3dd46d1907df62f
        "recipe": {
            "repo": "github.com/symfony/recipes",
            "branch": "main",
            "version": "1.0",
            "ref": "fadbfe33303a76e25cb63401050439aa9b1a9c7f"
        }
    },
    "symfony/messenger": {
<<<<<<< HEAD
        "version": "6.0",
=======
        "version": "6.3",
>>>>>>> e2422cfde5b308b3f914dbb9a3dd46d1907df62f
        "recipe": {
            "repo": "github.com/symfony/recipes",
            "branch": "main",
            "version": "6.0",
            "ref": "ba1ac4e919baba5644d31b57a3284d6ba12d52ee"
        },
        "files": [
            "./config/packages/messenger.yaml"
        ]
    },
    "symfony/monolog-bundle": {
        "version": "3.10",
        "recipe": {
            "repo": "github.com/symfony/recipes",
            "branch": "main",
            "version": "3.7",
            "ref": "aff23899c4440dd995907613c1dd709b6f59503f"
        },
        "files": [
            "./config/packages/monolog.yaml"
        ]
    },
    "symfony/notifier": {
<<<<<<< HEAD
        "version": "6.0",
=======
        "version": "6.3",
>>>>>>> e2422cfde5b308b3f914dbb9a3dd46d1907df62f
        "recipe": {
            "repo": "github.com/symfony/recipes",
            "branch": "main",
            "version": "5.0",
            "ref": "178877daf79d2dbd62129dd03612cb1a2cb407cc"
        },
        "files": [
            "./config/packages/notifier.yaml"
        ]
    },
    "symfony/phpunit-bridge": {
<<<<<<< HEAD
        "version": "7.3",
=======
        "version": "8.0",
>>>>>>> e2422cfde5b308b3f914dbb9a3dd46d1907df62f
        "recipe": {
            "repo": "github.com/symfony/recipes",
            "branch": "main",
            "version": "6.3",
            "ref": "a411a0480041243d97382cac7984f7dce7813c08"
        },
        "files": [
            "./.env.test",
            "./bin/phpunit",
            "./phpunit.xml.dist",
            "./tests/bootstrap.php"
        ]
    },
    "symfony/routing": {
<<<<<<< HEAD
        "version": "6.0",
        "recipe": {
            "repo": "github.com/symfony/recipes",
            "branch": "main",
            "version": "6.0",
            "ref": "eb3b377a4dc07006c4bdb2c773652cc9434f5246"
=======
        "version": "6.3",
        "recipe": {
            "repo": "github.com/symfony/recipes",
            "branch": "main",
            "version": "6.2",
            "ref": "e0a11b4ccb8c9e70b574ff5ad3dfdcd41dec5aa6"
>>>>>>> e2422cfde5b308b3f914dbb9a3dd46d1907df62f
        },
        "files": [
            "./config/packages/routing.yaml",
            "./config/routes.yaml"
        ]
    },
    "symfony/security-bundle": {
<<<<<<< HEAD
        "version": "6.0",
=======
        "version": "6.3",
>>>>>>> e2422cfde5b308b3f914dbb9a3dd46d1907df62f
        "recipe": {
            "repo": "github.com/symfony/recipes",
            "branch": "main",
            "version": "6.0",
            "ref": "8a5b112826f7d3d5b07027f93786ae11a1c7de48"
        },
        "files": [
            "./config/packages/security.yaml"
<<<<<<< HEAD
        ]
    },
    "symfony/translation": {
        "version": "6.0",
=======
        ]
    },
    "symfony/stimulus-bundle": {
        "version": "2.32",
        "recipe": {
            "repo": "github.com/symfony/recipes",
            "branch": "main",
            "version": "2.13",
            "ref": "6acd9ff4f7fd5626d2962109bd4ebab351d43c43"
        },
        "files": [
            "./assets/bootstrap.js",
            "./assets/controllers.json",
            "./assets/controllers/hello_controller.js"
        ]
    },
    "symfony/translation": {
        "version": "6.3",
>>>>>>> e2422cfde5b308b3f914dbb9a3dd46d1907df62f
        "recipe": {
            "repo": "github.com/symfony/recipes",
            "branch": "main",
            "version": "5.3",
            "ref": "e28e27f53663cc34f0be2837aba18e3a1bef8e7b"
        },
        "files": [
            "./config/packages/translation.yaml",
            "./translations/.gitignore"
        ]
    },
    "symfony/twig-bundle": {
<<<<<<< HEAD
        "version": "6.0",
        "recipe": {
            "repo": "github.com/symfony/recipes",
            "branch": "main",
            "version": "5.4",
            "ref": "bb2178c57eee79e6be0b297aa96fc0c0def81387"
=======
        "version": "6.3",
        "recipe": {
            "repo": "github.com/symfony/recipes",
            "branch": "main",
            "version": "6.3",
            "ref": "b7772eb20e92f3fb4d4fe756e7505b4ba2ca1a2c"
>>>>>>> e2422cfde5b308b3f914dbb9a3dd46d1907df62f
        },
        "files": [
            "./config/packages/twig.yaml",
            "./templates/base.html.twig"
        ]
    },
<<<<<<< HEAD
    "symfony/validator": {
        "version": "6.0",
=======
    "symfony/ux-map": {
        "version": "2.32",
        "recipe": {
            "repo": "github.com/symfony/recipes",
            "branch": "main",
            "version": "2.19",
            "ref": "04de870967555f00bd82f542e9e2d29683c3d39e"
        },
        "files": [
            "./config/packages/ux_map.yaml"
        ]
    },
    "symfony/ux-turbo": {
        "version": "2.32",
        "recipe": {
            "repo": "github.com/symfony/recipes",
            "branch": "main",
            "version": "2.19",
            "ref": "9dd2778a116b6e5e01e5e1582d03d5a9e82630de"
        }
    },
    "symfony/validator": {
        "version": "6.3",
>>>>>>> e2422cfde5b308b3f914dbb9a3dd46d1907df62f
        "recipe": {
            "repo": "github.com/symfony/recipes",
            "branch": "main",
            "version": "5.3",
            "ref": "c32cfd98f714894c4f128bb99aa2530c1227603c"
        },
        "files": [
            "./config/packages/validator.yaml"
        ]
    },
    "symfony/web-profiler-bundle": {
<<<<<<< HEAD
        "version": "6.0",
        "recipe": {
            "repo": "github.com/symfony/recipes",
            "branch": "main",
            "version": "5.3",
            "ref": "24bbc3d84ef2f427f82104f766014e799eefcc3e"
=======
        "version": "6.3",
        "recipe": {
            "repo": "github.com/symfony/recipes",
            "branch": "main",
            "version": "6.1",
            "ref": "8b51135b84f4266e3b4c8a6dc23c9d1e32e543b7"
>>>>>>> e2422cfde5b308b3f914dbb9a3dd46d1907df62f
        },
        "files": [
            "./config/packages/web_profiler.yaml",
            "./config/routes/web_profiler.yaml"
        ]
    },
    "symfony/webapp-pack": {
        "version": "1.2",
        "recipe": {
            "repo": "github.com/symfony/recipes",
            "branch": "main",
            "version": "1.0",
            "ref": "7d5c5e282f7e2c36a2c3bbb1504f78456c352407"
        },
        "files": [
            "./config/packages/messenger.yaml"
        ]
    },
    "twig/extra-bundle": {
        "version": "v3.8.0"
    }
}
